# @generated by Move, please check-in and do not edit manually.

[move]
version = 3
manifest_digest = "0ED662E957D6431142CD3419F6EEAC117D5CFB65ADD5553E904B9826458B6101"
deps_digest = "F8BBB0CCB2491CA29A3DF03D6F92277A4F3574266507ACD77214D37ECA3F3082"
dependencies = [
  { id = "Sui", name = "Sui" },
]

[[move.package]]
id = "MoveStdlib"
source = { git = "https://github.com/MystenLabs/sui.git", rev = "mainnet", subdir = "crates/sui-framework/packages/move-stdlib" }

[[move.package]]
id = "Sui"
source = { git = "https://github.com/MystenLabs/sui.git", rev = "mainnet", subdir = "crates/sui-framework/packages/sui-framework" }

dependencies = [
  { id = "MoveStdlib", name = "MoveStdlib" },
]

[move.toolchain-version]
compiler-version = "1.35.0"
edition = "2024.beta"
flavor = "sui"

[env]

[env.mainnet]
chain-id = "35834a8a"
original-published-id = "0x000a90f4b8591c8e490f5fc14e8cbf76b0046c9fe0bb1843aac22aca07d98fb0"
latest-published-id = "0x000a90f4b8591c8e490f5fc14e8cbf76b0046c9fe0bb1843aac22aca07d98fb0"
published-version = "1"
